Microsoft Visual Studio Solution File, Format Version 10.00
# Visual Studio 2008
Project("{FAE04EC0-301F-11D3-BF4B-00C04F79EFBC}") = "System.Web.Mvc.IronRuby", "IronRubyMvc\System.Web.Mvc.IronRuby.csproj", "{46333EBB-C1FF-4E28-B48E-CB3D5BB70CDB}"
EndProject
Project("{FAE04EC0-301F-11D3-BF4B-00C04F79EFBC}") = "IronRubyMvcWeb", "IronRubyMvcWeb\IronRubyMvcWeb.csproj", "{2E516619-7937-42EC-9427-AA554B36B1B7}"
EndProject
Project("{FAE04EC0-301F-11D3-BF4B-00C04F79EFBC}") = "IronRubyMvcLibrary.Tests", "IronRubyMvc.Tests\IronRubyMvcLibrary.Tests.csproj", "{13CD326E-5C1A-4404-A1AB-8D0BA6D9FDF9}"
EndProject
Project("{2150E333-8FDC-42A3-9474-1A3956D46DE8}") = "Solution Items", "Solution Items", "{A75F5714-408B-405F-B535-C50C575191A2}"
	ProjectSection(SolutionItems) = preProject
		IronRubyMvcKey.public = IronRubyMvcKey.public
		IronRubyMvcKey.snk = IronRubyMvcKey.snk
		README.markdown = README.markdown
	EndProjectSection
EndProject
Project("{325B8569-0C7C-4A6A-8AF8-89C3B6BC9E74}") = "IronMvcSpecs", "IronMvcSpecs\IronMvcSpecs.stproj", "{4B1E7B70-F827-46A0-9D8D-68498B5EF73D}"
EndProject
Global
	GlobalSection(SolutionConfigurationPlatforms) = preSolution
		Debug_Signed|Any CPU = Debug_Signed|Any CPU
		Debug|Any CPU = Debug|Any CPU
		Release_Signed|Any CPU = Release_Signed|Any CPU
		Release|Any CPU = Release|Any CPU
	EndGlobalSection
	GlobalSection(ProjectConfigurationPlatforms) = postSolution
		{46333EBB-C1FF-4E28-B48E-CB3D5BB70CDB}.Debug_Signed|Any CPU.ActiveCfg = Debug_Signed|Any CPU
		{46333EBB-C1FF-4E28-B48E-CB3D5BB70CDB}.Debug_Signed|Any CPU.Build.0 = Debug_Signed|Any CPU
		{46333EBB-C1FF-4E28-B48E-CB3D5BB70CDB}.Debug|Any CPU.ActiveCfg = Debug|Any CPU
		{46333EBB-C1FF-4E28-B48E-CB3D5BB70CDB}.Debug|Any CPU.Build.0 = Debug|Any CPU
		{46333EBB-C1FF-4E28-B48E-CB3D5BB70CDB}.Release_Signed|Any CPU.ActiveCfg = Release_Signed|Any CPU
		{46333EBB-C1FF-4E28-B48E-CB3D5BB70CDB}.Release_Signed|Any CPU.Build.0 = Release_Signed|Any CPU
		{46333EBB-C1FF-4E28-B48E-CB3D5BB70CDB}.Release|Any CPU.ActiveCfg = Release|Any CPU
		{46333EBB-C1FF-4E28-B48E-CB3D5BB70CDB}.Release|Any CPU.Build.0 = Release|Any CPU
		{2E516619-7937-42EC-9427-AA554B36B1B7}.Debug_Signed|Any CPU.ActiveCfg = Debug_Signed|Any CPU
		{2E516619-7937-42EC-9427-AA554B36B1B7}.Debug_Signed|Any CPU.Build.0 = Debug_Signed|Any CPU
		{2E516619-7937-42EC-9427-AA554B36B1B7}.Debug|Any CPU.ActiveCfg = Debug|Any CPU
		{2E516619-7937-42EC-9427-AA554B36B1B7}.Debug|Any CPU.Build.0 = Debug|Any CPU
		{2E516619-7937-42EC-9427-AA554B36B1B7}.Release_Signed|Any CPU.ActiveCfg = Release_Signed|Any CPU
		{2E516619-7937-42EC-9427-AA554B36B1B7}.Release_Signed|Any CPU.Build.0 = Release_Signed|Any CPU
		{2E516619-7937-42EC-9427-AA554B36B1B7}.Release|Any CPU.ActiveCfg = Release|Any CPU
		{2E516619-7937-42EC-9427-AA554B36B1B7}.Release|Any CPU.Build.0 = Release|Any CPU
		{13CD326E-5C1A-4404-A1AB-8D0BA6D9FDF9}.Debug_Signed|Any CPU.ActiveCfg = Debug_Signed|Any CPU
		{13CD326E-5C1A-4404-A1AB-8D0BA6D9FDF9}.Debug_Signed|Any CPU.Build.0 = Debug_Signed|Any CPU
		{13CD326E-5C1A-4404-A1AB-8D0BA6D9FDF9}.Debug|Any CPU.ActiveCfg = Debug|Any CPU
		{13CD326E-5C1A-4404-A1AB-8D0BA6D9FDF9}.Debug|Any CPU.Build.0 = Debug|Any CPU
		{13CD326E-5C1A-4404-A1AB-8D0BA6D9FDF9}.Release_Signed|Any CPU.ActiveCfg = Release_Signed|Any CPU
		{13CD326E-5C1A-4404-A1AB-8D0BA6D9FDF9}.Release_Signed|Any CPU.Build.0 = Release_Signed|Any CPU
		{13CD326E-5C1A-4404-A1AB-8D0BA6D9FDF9}.Release|Any CPU.ActiveCfg = Release|Any CPU
		{13CD326E-5C1A-4404-A1AB-8D0BA6D9FDF9}.Release|Any CPU.Build.0 = Release|Any CPU
		{4B1E7B70-F827-46A0-9D8D-68498B5EF73D}.Debug_Signed|Any CPU.ActiveCfg = Debug|Any CPU
		{4B1E7B70-F827-46A0-9D8D-68498B5EF73D}.Debug_Signed|Any CPU.Build.0 = Debug|Any CPU
		{4B1E7B70-F827-46A0-9D8D-68498B5EF73D}.Debug|Any CPU.ActiveCfg = Debug|Any CPU
		{4B1E7B70-F827-46A0-9D8D-68498B5EF73D}.Debug|Any CPU.Build.0 = Debug|Any CPU
		{4B1E7B70-F827-46A0-9D8D-68498B5EF73D}.Release_Signed|Any CPU.ActiveCfg = Release|Any CPU
		{4B1E7B70-F827-46A0-9D8D-68498B5EF73D}.Release_Signed|Any CPU.Build.0 = Release|Any CPU
		{4B1E7B70-F827-46A0-9D8D-68498B5EF73D}.Release|Any CPU.ActiveCfg = Release|Any CPU
		{4B1E7B70-F827-46A0-9D8D-68498B5EF73D}.Release|Any CPU.Build.0 = Release|Any CPU
	EndGlobalSection
	GlobalSection(SolutionProperties) = preSolution
		HideSolutionNode = FALSE
	EndGlobalSection
EndGlobal
